
Microsoft Visual Studio Solution File, Format Version 12.00
# Visual Studio 14
VisualStudioVersion = 14.0.25420.1
MinimumVisualStudioVersion = 10.0.40219.1
Project("{FAE04EC0-301F-11D3-BF4B-00C04F79EFBC}") = "TriangleTesting", "TriangleTesting\TriangleTesting.csproj", "{0A0BFCB3-0BB1-43CF-8D51-0CDE01D9ECC2}"
EndProject
Project("{FAE04EC0-301F-11D3-BF4B-00C04F79EFBC}") = "UnitTestProject1", "UnitTestProject1\UnitTestProject1.csproj", "{9D68301E-3055-4713-A680-329D412B7314}"
EndProject
Global
	GlobalSection(SolutionConfigurationPlatforms) = preSolution
		Debug|Any CPU = Debug|Any CPU
		Release|Any CPU = Release|Any CPU
	EndGlobalSection
	GlobalSection(ProjectConfigurationPlatforms) = postSolution
		{0A0BFCB3-0BB1-43CF-8D51-0CDE01D9ECC2}.Debug|Any CPU.ActiveCfg = Debug|Any CPU
		{0A0BFCB3-0BB1-43CF-8D51-0CDE01D9ECC2}.Debug|Any CPU.Build.0 = Debug|Any CPU
		{0A0BFCB3-0BB1-43CF-8D51-0CDE01D9ECC2}.Release|Any CPU.ActiveCfg = Release|Any CPU
		{0A0BFCB3-0BB1-43CF-8D51-0CDE01D9ECC2}.Release|Any CPU.Build.0 = Release|Any CPU
		{9D68301E-3055-4713-A680-329D412B7314}.Debug|Any CPU.ActiveCfg = Debug|Any CPU
		{9D68301E-3055-4713-A680-329D412B7314}.Debug|Any CPU.Build.0 = Debug|Any CPU
		{9D68301E-3055-4713-A680-329D412B7314}.Release|Any CPU.ActiveCfg = Release|Any CPU
		{9D68301E-3055-4713-A680-329D412B7314}.Release|Any CPU.Build.0 = Release|Any CPU
	EndGlobalSection
	GlobalSection(SolutionProperties) = preSolution
		HideSolutionNode = FALSE
	EndGlobalSection
EndGlobal
